# This file is automatically @generated by Cargo.
# It is not intended for manual editing.
version = 4

[[package]]
name = "e2e-tests"
version = "1.0.0"
dependencies = [
 "nikkadb-client",
 "nikkadb-server",
]

[[package]]
name = "nikkadb-client"
version = "1.0.0"
dependencies = [
 "shared",
]

[[package]]
name = "nikkadb-server"
version = "1.0.0"
dependencies = [
 "shared",
]

[[package]]
name = "samples"
version = "1.0.0"
dependencies = [
 "nikkadb-client",
 "nikkadb-server",
]

[[package]]
name = "shared"
version = "1.0.0"
